github.com/jhunt/go-ansi v0.0.0-20181127194324-5fd839f108b6 h1:qAlBkfBj+4aW68SdlhlAiWx+hy7vmchlcAZQRAJFhFI=
github.com/jhunt/go-ansi v0.0.0-20181127194324-5fd839f108b6/go.mod h1:zx5sSmwzYAXhfPcRBU7SuiAwK+8vC/LTgAoHyJiclzI=
github.com/jhunt/go-log v0.0.0-20171024033145-ddc1e3b8ed30 h1:uWIN5FcXeUrXtbR3plzgVsuw4k8L5r+Smi36N2RJ9LQ=
github.com/jhunt/go-log v0.0.0-20171024033145-ddc1e3b8ed30/go.mod h1:z31eqIvUKnaxVg8+6/8AuJQVa7Fd5EzvOGJg1a88DPI=
github.com/mattn/go-isatty v0.0.12 h1:wuysRhFDzyxgEmMf5xjvJ2M9dZoWAXNNr5LSBS7uHXY=
github.com/mattn/go-isatty v0.0.12/go.mod h1:cbi8OIDigv2wuxKPP5vlRcQ1OAZbq2CE4Kysco4FUpU=
golang.org/x/sys v0.0.0-20200116001909-b77594299b42 h1:vEOn+mP2zCOVzKckCZy6YsCtDblrpj/w7B9nxGNELpg=
golang.org/x/sys v0.0.0-20200116001909-b77594299b42/go.mod h1:h1NjWce9XRLGQEsW7wpKNCjG9DtNlClVuFLEZdDNbEs=
